# THIS IS AN AUTOGENERATED FILE. DO NOT EDIT THIS FILE DIRECTLY.
# yarn lockfile v1


"@taplo/core@^0.2.0":
  version "0.2.0"
  resolved "https://registry.yarnpkg.com/@taplo/core/-/core-0.2.0.tgz#a256aef743307c853de08e2199e295fa3266122f"
  integrity sha512-r8bl54Zj1In3QLkiW/ex694bVzpPJ9EhwqT9xkcUVODnVUGirdB1JTsmiIv0o1uwqZiwhi8xNnTOQBRQCpizrQ==

"@taplo/lib@^0.5.0":
  version "0.5.0"
  resolved "https://registry.yarnpkg.com/@taplo/lib/-/lib-0.5.0.tgz#0d98cf5c1fa676148fcb29846a84aaba76535e8a"
  integrity sha512-+xIqpQXJco3T+VGaTTwmhxLa51qpkQxCjRwezjFZgr+l21ExlywJFcDfTrNmL6lG6tqb0h8GyJKO3UPGPtSCWg==
  dependencies:
    "@taplo/core" "^0.2.0"

"@types/pegjs@^0.10.0":
  version "0.10.6"
  resolved "https://registry.yarnpkg.com/@types/pegjs/-/pegjs-0.10.6.tgz#bc20fc4809fed4cddab8d0dbee0e568803741a82"
  integrity sha512-eLYXDbZWXh2uxf+w8sXS8d6KSoXTswfps6fvCUuVAGN8eRpfe7h9eSRydxiSJvo9Bf+GzifsDOr9TMQlmJdmkw==

argparse@^2.0.1:
  version "2.0.1"
  resolved "https://registry.yarnpkg.com/argparse/-/argparse-2.0.1.tgz#246f50f3ca78a3240f6c997e8a9bd1eac49e4b38"
  integrity sha512-8+9WqebbFzpX9OR+Wa6O29asIogeRMzcGtAINdpMHHyAg10f05aSFVBbcEqGf/PXw1EjAZ+q2/bEBg3DvurK3Q==

big-integer@^1.6.48:
  version "1.6.52"
  resolved "https://registry.yarnpkg.com/big-integer/-/big-integer-1.6.52.tgz#60a887f3047614a8e1bffe5d7173490a97dc8c85"
  integrity sha512-QxD8cf2eVqJOOz63z6JIN9BzvVs/dlySa5HGSBH5xtR8dPteIRQnBxxKqkNTiT6jbDTF6jAfrd4oMcND9RGbQg==

commander@^2.19.0:
  version "2.20.3"
  resolved "https://registry.yarnpkg.com/commander/-/commander-2.20.3.tgz#fd485e84c03eb4881c20722ba48035e8531aeb33"
  integrity sha512-GpVkmM8vF2vQUkj2LvZmD35JxeJOLCwJ9cUkugyk2nuhbv3+mJvpLYYt+0+USMxE+oj+ey/lJEnhZw75x/OMcQ==

discontinuous-range@1.0.0:
  version "1.0.0"
  resolved "https://registry.yarnpkg.com/discontinuous-range/-/discontinuous-range-1.0.0.tgz#e38331f0844bba49b9a9cb71c771585aab1bc65a"
  integrity sha512-c68LpLbO+7kP/b1Hr1qs8/BJ09F5khZGTxqxZuhzxpmwJKOgRFHJWIb9/KmqnqHhLdO55aOxFH/EGBvUQbL/RQ==

jinx-rust@0.1.6:
  version "0.1.6"
  resolved "https://registry.yarnpkg.com/jinx-rust/-/jinx-rust-0.1.6.tgz#c7bce55d97bfbad76a9b930c01fe6a8629a170d7"
  integrity sha512-qP+wtQL1PrDDFwtPKhNGtjWOmijCrKdfUHWTV2G/ikxfjrh+cjdvkQTmny9RAsVF0jiui9m+F0INWu4cuRcZeQ==

jsox@^1.2.123:
  version "1.2.123"
  resolved "https://registry.yarnpkg.com/jsox/-/jsox-1.2.123.tgz#cf497367f92b2d744963e15c4435c9e20eee02ea"
  integrity sha512-LYordXJ/0Q4G8pUE1Pvh4fkfGvZY7lRe4WIJKl0wr0rtFDVw9lcdNW95GH0DceJ6E9xh41zJNW0vreEz7xOxCw==

moo@^0.5.0:
  version "0.5.2"
  resolved "https://registry.yarnpkg.com/moo/-/moo-0.5.2.tgz#f9fe82473bc7c184b0d32e2215d3f6e67278733c"
  integrity sha512-iSAJLHYKnX41mKcJKjqvnAN9sf0LMDTXDEvFv+ffuRR9a1MIuXLjMNL6EsnDHSkKLTWNqQQ5uo61P4EbU4NU+Q==

nearley@^2.20.1:
  version "2.20.1"
  resolved "https://registry.yarnpkg.com/nearley/-/nearley-2.20.1.tgz#246cd33eff0d012faf197ff6774d7ac78acdd474"
  integrity sha512-+Mc8UaAebFzgV+KpI5n7DasuuQCHA89dmwm7JXw3TV43ukfNQ9DnBH3Mdb2g/I4Fdxc26pwimBWvjIw0UAILSQ==
  dependencies:
    commander "^2.19.0"
    moo "^0.5.0"
    railroad-diagrams "^1.0.0"
    randexp "0.4.6"

node-sql-parser@^5.3.10:
  version "5.3.12"
  resolved "https://registry.yarnpkg.com/node-sql-parser/-/node-sql-parser-5.3.12.tgz#bfa12e85de6c8881bbb603f20b9f87abd958d171"
  integrity sha512-GQBwA2e44qjbK0MzFwh5bNYefniV6cKT4KfjNDpuh/2EWipUEK1BCMc//moSidp8EF6fHB/EqJwUH9GCh9MAPg==
  dependencies:
    "@types/pegjs" "^0.10.0"
    big-integer "^1.6.48"

prettier-plugin-rust@^0.1.9:
  version "0.1.9"
  resolved "https://registry.yarnpkg.com/prettier-plugin-rust/-/prettier-plugin-rust-0.1.9.tgz#1a93b035743fa02a006b4980a1035a260ea9e501"
  integrity sha512-n1DTTJQaHMdnoG/+nKUvBm3EKsMVWsYES2UPCiOPiZdBrmuAO/pX++m7L3+Hz3uuhtddpH0HRKHB2F3jbtJBOQ==
  dependencies:
    jinx-rust "0.1.6"
    prettier "^2.7.1"

prettier-plugin-sql@^0.19.2:
  version "0.19.2"
  resolved "https://registry.yarnpkg.com/prettier-plugin-sql/-/prettier-plugin-sql-0.19.2.tgz#27ffce6af0b1f8d1e270a1da598e0025e2b472ca"
  integrity sha512-DAu1Jcanpvs32OAOXsqaVXOpPs4nFLVkB3XwzRiZZVNL5/c+XdlNxWFMiMpMhYhmCG5BW3srK8mhikCOv5tPfg==
  dependencies:
    jsox "^1.2.123"
    node-sql-parser "^5.3.10"
    sql-formatter "^15.6.5"
    tslib "^2.8.1"

prettier-plugin-toml@^2.0.6:
  version "2.0.6"
  resolved "https://registry.yarnpkg.com/prettier-plugin-toml/-/prettier-plugin-toml-2.0.6.tgz#d581512a585143975efebf89303272a359c3124a"
  integrity sha512-12N/wBuHa9jd/KVy9pRP20NMKxQfQLMseQCt66lIbLaPLItvGUcSIryE1eZZMJ7loSws6Ig3M2Elc2EreNh76w==
  dependencies:
    "@taplo/lib" "^0.5.0"

prettier@^2.7.1:
  version "2.8.8"
  resolved "https://registry.yarnpkg.com/prettier/-/prettier-2.8.8.tgz#e8c5d7e98a4305ffe3de2e1fc4aca1a71c28b1da"
  integrity sha512-tdN8qQGvNjw4CHbY+XXk0JgCXn9QiF21a55rBe5LJAU+kDyC4WQn4+awm2Xfk2lQMk5fKup9XgzTZtGkjBdP9Q==

prettier@^3.6.2:
  version "3.6.2"
  resolved "https://registry.yarnpkg.com/prettier/-/prettier-3.6.2.tgz#ccda02a1003ebbb2bfda6f83a074978f608b9393"
  integrity sha512-I7AIg5boAr5R0FFtJ6rCfD+LFsWHp81dolrFD8S79U9tb8Az2nGrJncnMSnys+bpQJfRUzqs9hnA81OAA3hCuQ==

railroad-diagrams@^1.0.0:
  version "1.0.0"
  resolved "https://registry.yarnpkg.com/railroad-diagrams/-/railroad-diagrams-1.0.0.tgz#eb7e6267548ddedfb899c1b90e57374559cddb7e"
  integrity sha512-cz93DjNeLY0idrCNOH6PviZGRN9GJhsdm9hpn1YCS879fj4W+x5IFJhhkRZcwVgMmFF7R82UA/7Oh+R8lLZg6A==

randexp@0.4.6:
  version "0.4.6"
  resolved "https://registry.yarnpkg.com/randexp/-/randexp-0.4.6.tgz#e986ad5e5e31dae13ddd6f7b3019aa7c87f60ca3"
  integrity sha512-80WNmd9DA0tmZrw9qQa62GPPWfuXJknrmVmLcxvq4uZBdYqb1wYoKTmnlGUchvVWe0XiLupYkBoXVOxz3C8DYQ==
  dependencies:
    discontinuous-range "1.0.0"
    ret "~0.1.10"

ret@~0.1.10:
  version "0.1.15"
  resolved "https://registry.yarnpkg.com/ret/-/ret-0.1.15.tgz#b8a4825d5bdb1fc3f6f53c2bc33f81388681c7bc"
  integrity sha512-TTlYpa+OL+vMMNG24xSlQGEJ3B/RzEfUlLct7b5G/ytav+wPrplCpVMFuwzXbkecJrb6IYo1iFb0S9v37754mg==

sql-formatter@^15.6.5:
  version "15.6.9"
  resolved "https://registry.yarnpkg.com/sql-formatter/-/sql-formatter-15.6.9.tgz#b64ecaa899c1f84bb8807496b162b587aec24ab9"
  integrity sha512-r9VKnkRfKW7jbhTgytwbM+JqmFclQYN9L58Z3UTktuy9V1f1Y+rGK3t70Truh2wIOJzvZkzobAQ2PwGjjXsr6Q==
  dependencies:
    argparse "^2.0.1"
    nearley "^2.20.1"

tslib@^2.8.1:
  version "2.8.1"
  resolved "https://registry.yarnpkg.com/tslib/-/tslib-2.8.1.tgz#612efe4ed235d567e8aba5f2a5fab70280ade83f"
  integrity sha512-oJFu94HQb+KVduSUQL7wnpmqnfmLsOA/nAh6b6EH0wCEoK0/mPeXU6c3wKDV83MkOuHPRHtSXKKU99IBazS/2w==
